
Microsoft Visual Studio Solution File, Format Version 12.00
# Visual Studio Version 17
VisualStudioVersion = 17.4.33122.133
MinimumVisualStudioVersion = 10.0.40219.1
Project("{9A19103F-16F7-4668-BE54-9A1E7A4F7556}") = "SystemMonitorConfigurationTest", "ConfigurationAPIClient\SystemMonitorConfigurationTest.csproj", "{C992412F-57E1-4804-960C-DA82827AFA26}"
EndProject
Global
	GlobalSection(SolutionConfigurationPlatforms) = preSolution
		Debug|Any CPU = Debug|Any CPU
		Release|Any CPU = Release|Any CPU
	EndGlobalSection
	GlobalSection(ProjectConfigurationPlatforms) = postSolution
		{C992412F-57E1-4804-960C-DA82827AFA26}.Debug|Any CPU.ActiveCfg = Debug|Any CPU
		{C992412F-57E1-4804-960C-DA82827AFA26}.Debug|Any CPU.Build.0 = Debug|Any CPU
		{C992412F-57E1-4804-960C-DA82827AFA26}.Release|Any CPU.ActiveCfg = Release|Any CPU
		{C992412F-57E1-4804-960C-DA82827AFA26}.Release|Any CPU.Build.0 = Release|Any CPU
	EndGlobalSection
	GlobalSection(SolutionProperties) = preSolution
		HideSolutionNode = FALSE
	EndGlobalSection
	GlobalSection(ExtensibilityGlobals) = postSolution
		SolutionGuid = {4F0C3D6D-B13A-40EA-B250-4A0F44AB1F0E}
	EndGlobalSection
EndGlobal
